# THIS IS AN AUTOGENERATED FILE. DO NOT EDIT THIS FILE DIRECTLY.
# yarn lockfile v1


"@minecraft/common@^1.0.0", "@minecraft/common@^1.1.0":
  version "1.2.0"
  resolved "https://registry.yarnpkg.com/@minecraft/common/-/common-1.2.0.tgz#a00d4130dcd5084dfd30e85e108c6d58eae8358b"
  integrity sha512-JdmEq4P3Z/FtoBzhLijFgMSVFnFRrUoLwY8DHHrgtFo0mfLTOLTB1RErYjLMsA6b7BGVNxkX/pfFRiH7QZ0XwQ==

"@minecraft/server-admin@^1.0.0-beta.1.21.0-stable":
  version "1.0.0-beta.11940b24"
  resolved "https://registry.yarnpkg.com/@minecraft/server-admin/-/server-admin-1.0.0-beta.11940b24.tgz#9c37bbeb41cf6bb65e60a819f82b19ade1ae0f36"
  integrity sha512-UZ8YyB8mvF31f22+uM67gJums9d6NDgz9AQ2l4a++EHUP9uen0m3aaBaqM9RyumJpRBJbv/hslAKOyeDT01qew==

"@minecraft/server-gametest@^1.0.0-beta.1.21.0-stable":
  version "1.0.0-beta.1.21.0-stable"
  resolved "https://registry.yarnpkg.com/@minecraft/server-gametest/-/server-gametest-1.0.0-beta.1.21.0-stable.tgz#19f03ce1cf6317186f5dabfeacba104df30f9d24"
  integrity sha512-ZwLfFSi28EznvnOar7dbq1ZeBiWmTELLOuBL/x2PZ7y0tYLPDXrMoJLvqk5n/aa/yCDJiJOZMjPcJ7MeKHXobw==
  dependencies:
    "@minecraft/common" "^1.0.0"
    "@minecraft/server" "^1.8.0"

"@minecraft/server-net@^1.0.0-beta.1.21.0-stable":
  version "1.0.0-beta.1.21.0-stable"
  resolved "https://registry.yarnpkg.com/@minecraft/server-net/-/server-net-1.0.0-beta.1.21.0-stable.tgz#8c86b3b364e268e73bf85cf71bc71ab463f2e282"
  integrity sha512-HgTkYSJVxcEkyTClbXak3aGaQ86Zev3y5hK6sB3HwXtpeJvupli+WinCHdLcgnDfrgiIkWST/GXeyXByxVTcQQ==
  dependencies:
    "@minecraft/common" "^1.0.0"
    "@minecraft/server-admin" "^1.0.0-beta.1.21.0-stable"

"@minecraft/server@^1.12.0-beta.1.21.0-stable":
  version "1.12.0-beta.1.21.0-stable"
  resolved "https://registry.yarnpkg.com/@minecraft/server/-/server-1.12.0-beta.1.21.0-stable.tgz#36cae5679de888c211a099d19304044b94dab2e2"
  integrity sha512-Dkn+H+q/tKZOmjoKDSF9gVXtcc2hn92EvwgkFG0JMxwYYI77gjn8UqYR4I3eZdlM0TJsY0MlyF8IIvRDywJkGA==
  dependencies:
    "@minecraft/common" "^1.1.0"

"@minecraft/server@^1.8.0":
  version "1.11.0"
  resolved "https://registry.yarnpkg.com/@minecraft/server/-/server-1.11.0.tgz#ad52e54d4ff89927572fa72cb5b571af26423d29"
  integrity sha512-sVTKkAR7fgcgRrBrl+QiqlwiL07JTCSRbwSLpkmsPDvgfhH4bQsdPXC8fWZGRxwKikC4/oBxGq5j6pJp87yF6Q==
  dependencies:
    "@minecraft/common" "^1.1.0"
